{
  "requires": true,
  "lockfileVersion": 1,
  "dependencies": {
    "jwt-decode": {
      "version": "2.2.0",
      "resolved": "https://registry.npmjs.org/jwt-decode/-/jwt-decode-2.2.0.tgz",
      "integrity": "sha512-86GgN2vzfUu7m9Wcj63iUkuDzFNYFVmjeDm2GzWpUk+opB0pEpMsw6ePCMrhYkumz2C1ihqtZzOMAg7FiXcNoQ=="
    }
  }
}
